Microsoft Visual Studio Solution File, Format Version 12.00
# Visual Studio Version 17
VisualStudioVersion = 17.5.2.0
MinimumVisualStudioVersion = 10.0.40219.1
Project("{FAE04EC0-301F-11D3-BF4B-00C04F79EFBC}") = "fish-search", "fish-search.csproj", "{DBD78653-DED9-E4A1-C7E1-BA537C86C14B}"
EndProject
Global
	GlobalSection(SolutionConfigurationPlatforms) = preSolution
		Debug|Any CPU = Debug|Any CPU
		Release|Any CPU = Release|Any CPU
	EndGlobalSection
	GlobalSection(ProjectConfigurationPlatforms) = postSolution
		{DBD78653-DED9-E4A1-C7E1-BA537C86C14B}.Debug|Any CPU.ActiveCfg = Debug|Any CPU
		{DBD78653-DED9-E4A1-C7E1-BA537C86C14B}.Debug|Any CPU.Build.0 = Debug|Any CPU
		{DBD78653-DED9-E4A1-C7E1-BA537C86C14B}.Release|Any CPU.ActiveCfg = Release|Any CPU
		{DBD78653-DED9-E4A1-C7E1-BA537C86C14B}.Release|Any CPU.Build.0 = Release|Any CPU
	EndGlobalSection
	GlobalSection(SolutionProperties) = preSolution
		HideSolutionNode = FALSE
	EndGlobalSection
	GlobalSection(ExtensibilityGlobals) = postSolution
		SolutionGuid = {FEF9021D-3D52-40E3-AD8B-094B533633B4}
	EndGlobalSection
EndGlobal
